
Microsoft Visual Studio Solution File, Format Version 12.00
# Visual Studio Version 16
VisualStudioVersion = 16.0.30320.27
MinimumVisualStudioVersion = 10.0.40219.1
Project("{FAE04EC0-301F-11D3-BF4B-00C04F79EFBC}") = "PowerPointAddIn1", "PowerPointAddIn1\PowerPointAddIn1.csproj", "{7968D820-1DFA-4AC5-9209-9B3ACE1C0BE9}"
EndProject
Project("{FAE04EC0-301F-11D3-BF4B-00C04F79EFBC}") = "CasTests", "CasTests\CasTests.csproj", "{9DFAAB04-BBB1-41AC-B482-108019D5B538}"
EndProject
Global
	GlobalSection(SolutionConfigurationPlatforms) = preSolution
		Debug|Any CPU = Debug|Any CPU
		Release|Any CPU = Release|Any CPU
	EndGlobalSection
	GlobalSection(ProjectConfigurationPlatforms) = postSolution
		{7968D820-1DFA-4AC5-9209-9B3ACE1C0BE9}.Debug|Any CPU.ActiveCfg = Debug|Any CPU
		{7968D820-1DFA-4AC5-9209-9B3ACE1C0BE9}.Debug|Any CPU.Build.0 = Debug|Any CPU
		{7968D820-1DFA-4AC5-9209-9B3ACE1C0BE9}.Release|Any CPU.ActiveCfg = Release|Any CPU
		{7968D820-1DFA-4AC5-9209-9B3ACE1C0BE9}.Release|Any CPU.Build.0 = Release|Any CPU
		{9DFAAB04-BBB1-41AC-B482-108019D5B538}.Debug|Any CPU.ActiveCfg = Debug|Any CPU
		{9DFAAB04-BBB1-41AC-B482-108019D5B538}.Debug|Any CPU.Build.0 = Debug|Any CPU
		{9DFAAB04-BBB1-41AC-B482-108019D5B538}.Release|Any CPU.ActiveCfg = Release|Any CPU
		{9DFAAB04-BBB1-41AC-B482-108019D5B538}.Release|Any CPU.Build.0 = Release|Any CPU
	EndGlobalSection
	GlobalSection(SolutionProperties) = preSolution
		HideSolutionNode = FALSE
	EndGlobalSection
	GlobalSection(ExtensibilityGlobals) = postSolution
		SolutionGuid = {A3AFA98D-38E5-440F-9E24-BD45C976393A}
	EndGlobalSection
EndGlobal
